<?xml version="1.0" encoding="utf-8"?>
<Project ToolsVersion="4.0" xmlns="http://schemas.microsoft.com/developer/msbuild/2003">
  <ItemGroup>
    <Filter Include="Quelldateien">
      <UniqueIdentifier>{4FC737F1-C7A5-4376-A066-2A32D752A2FF}</UniqueIdentifier>
      <Extensions>cpp;c;cc;cxx;def;odl;idl;hpj;bat;asm;asmx</Extensions>
    </Filter>
    <Filter Include="Headerdateien">
      <UniqueIdentifier>{93995380-89BD-4b04-88EB-625FBE52EBFB}</UniqueIdentifier>
      <Extensions>h;hpp;hxx;hm;inl;inc;xsd</Extensions>
    </Filter>
    <Filter Include="Ressourcendateien">
      <UniqueIdentifier>{67DA6AB6-F800-4c08-8B7A-83BB121AAD01}</UniqueIdentifier>
      <Extensions>rc;ico;cur;bmp;dlg;rc2;rct;bin;rgs;gif;jpg;jpeg;jpe;resx;tiff;tif;png;wav</Extensions>
    </Filter>
    <Filter Include="Klassen">
      <UniqueIdentifier>{a1c71184-b315-4c8a-9311-f6da3010fdc3}</UniqueIdentifier>
    </Filter>
  </ItemGroup>
  <ItemGroup>
    <ClCompile Include="GrafikMaus.cpp">
      <Filter>Quelldateien</Filter>
    </ClCompile>
    <ClCompile Include="myOpenGLMaus.cpp">
      <Filter>Quelldateien</Filter>
    </ClCompile>
    <ClCompile Include="Prak3_A0.cpp">
      <Filter>Quelldateien</Filter>
    </ClCompile>
    <ClCompile Include="Prak3_A0Dlg.cpp">
      <Filter>Quelldateien</Filter>
    </ClCompile>
    <ClCompile Include="stdafx.cpp">
      <Filter>Quelldateien</Filter>
    </ClCompile>
    <ClCompile Include="Klassen\Punkt.cpp">
      <Filter>Klassen</Filter>
    </ClCompile>
    <ClCompile Include="Klassen\Vektor.cpp">
      <Filter>Klassen</Filter>
    </ClCompile>
    <ClCompile Include="OpenGL\OpenGL.cpp">
      <Filter>Quelldateien</Filter>
    </ClCompile>
    <ClCompile Include="OpenGL\OpenGLMaus.cpp">
      <Filter>Quelldateien</Filter>
    </ClCompile>
    <ClCompile Include="Klassen\GeoObject.cpp">
      <Filter>Klassen</Filter>
    </ClCompile>
    <ClCompile Include="Klassen\Kreis.cpp">
      <Filter>Klassen</Filter>
    </ClCompile>
    <ClCompile Include="Klassen\Linie.cpp">
      <Filter>Klassen</Filter>
    </ClCompile>
    <ClCompile Include="Klassen\DatenBasis.cpp">
      <Filter>Klassen</Filter>
    </ClCompile>
  </ItemGroup>
  <ItemGroup>
    <ClInclude Include="GrafikMaus.h">
      <Filter>Headerdateien</Filter>
    </ClInclude>
    <ClInclude Include="myOpenGLMaus.h">
      <Filter>Headerdateien</Filter>
    </ClInclude>
    <ClInclude Include="Prak3_A0.h">
      <Filter>Headerdateien</Filter>
    </ClInclude>
    <ClInclude Include="Prak3_A0Dlg.h">
      <Filter>Headerdateien</Filter>
    </ClInclude>
    <ClInclude Include="Resource.h">
      <Filter>Headerdateien</Filter>
    </ClInclude>
    <ClInclude Include="stdafx.h">
      <Filter>Headerdateien</Filter>
    </ClInclude>
    <ClInclude Include="targetver.h">
      <Filter>Headerdateien</Filter>
    </ClInclude>
    <ClInclude Include="Klassen\Punkt.h">
      <Filter>Klassen</Filter>
    </ClInclude>
    <ClInclude Include="Klassen\Vektor.h">
      <Filter>Klassen</Filter>
    </ClInclude>
    <ClInclude Include="OpenGL\OpenGL.h">
      <Filter>Headerdateien</Filter>
    </ClInclude>
    <ClInclude Include="OpenGL\OpenGLMaus.h">
      <Filter>Headerdateien</Filter>
    </ClInclude>
    <ClInclude Include="OpenGL\Maus.h">
      <Filter>Headerdateien</Filter>
    </ClInclude>
    <ClInclude Include="Klassen\GeoObject.h">
      <Filter>Klassen</Filter>
    </ClInclude>
    <ClInclude Include="Klassen\Kreis.h">
      <Filter>Klassen</Filter>
    </ClInclude>
    <ClInclude Include="Klassen\Linie.h">
      <Filter>Klassen</Filter>
    </ClInclude>
    <ClInclude Include="Klassen\DatenBasis.h">
      <Filter>Klassen</Filter>
    </ClInclude>
  </ItemGroup>
  <ItemGroup>
    <None Include="res\Prak3_A0.ico">
      <Filter>Ressourcendateien</Filter>
    </None>
    <None Include="res\Prak3_A0.rc2">
      <Filter>Ressourcendateien</Filter>
    </None>
    <None Include="ReadMe.txt" />
  </ItemGroup>
  <ItemGroup>
    <ResourceCompile Include="Prak3_A0.rc">
      <Filter>Ressourcendateien</Filter>
    </ResourceCompile>
  </ItemGroup>
</Project>