<?xml version="1.0" encoding="utf-8"?>
<Project ToolsVersion="4.0" xmlns="http://schemas.microsoft.com/developer/msbuild/2003">
  <ItemGroup>
    <Filter Include="Praktikum1">
      <UniqueIdentifier>{4d07f791-9e25-4fd0-a68d-e7add71d54a6}</UniqueIdentifier>
    </Filter>
  </ItemGroup>
  <ItemGroup>
    <None Include="ReadMe.txt" />
    <None Include="small.ico">
      <Filter>Praktikum1</Filter>
    </None>
  </ItemGroup>
  <ItemGroup>
    <ClInclude Include="GKS_Programm.h">
      <Filter>Praktikum1</Filter>
    </ClInclude>
    <ClInclude Include="stdafx.h">
      <Filter>Praktikum1</Filter>
    </ClInclude>
    <ClInclude Include="Praktikum1.h">
      <Filter>Praktikum1</Filter>
    </ClInclude>
    <ClInclude Include="resource.h">
      <Filter>Praktikum1</Filter>
    </ClInclude>
  </ItemGroup>
  <ItemGroup>
    <ClCompile Include="GKS_Programm.cpp">
      <Filter>Praktikum1</Filter>
    </ClCompile>
    <ClCompile Include="stdafx.cpp">
      <Filter>Praktikum1</Filter>
    </ClCompile>
    <ClCompile Include="Praktikum1.cpp">
      <Filter>Praktikum1</Filter>
    </ClCompile>
  </ItemGroup>
</Project>